
Microsoft Visual Studio Solution File, Format Version 12.00
# Visual Studio Version 16
VisualStudioVersion = 16.0.31729.503
MinimumVisualStudioVersion = 10.0.40219.1
Project("{FAE04EC0-301F-11D3-BF4B-00C04F79EFBC}") = "InstituteOfComputers", "InstituteOfComputers\InstituteOfComputers.csproj", "{3314A4FA-F159-47E5-A92A-16CA0E93BCCC}"
EndProject
Global
	GlobalSection(SolutionConfigurationPlatforms) = preSolution
		Debug|Any CPU = Debug|Any CPU
		Release|Any CPU = Release|Any CPU
	EndGlobalSection
	GlobalSection(ProjectConfigurationPlatforms) = postSolution
		{3314A4FA-F159-47E5-A92A-16CA0E93BCCC}.Debug|Any CPU.ActiveCfg = Debug|Any CPU
		{3314A4FA-F159-47E5-A92A-16CA0E93BCCC}.Debug|Any CPU.Build.0 = Debug|Any CPU
		{3314A4FA-F159-47E5-A92A-16CA0E93BCCC}.Release|Any CPU.ActiveCfg = Release|Any CPU
		{3314A4FA-F159-47E5-A92A-16CA0E93BCCC}.Release|Any CPU.Build.0 = Release|Any CPU
	EndGlobalSection
	GlobalSection(SolutionProperties) = preSolution
		HideSolutionNode = FALSE
	EndGlobalSection
	GlobalSection(ExtensibilityGlobals) = postSolution
		SolutionGuid = {C266C3D3-200F-493E-9E9B-E832149413F0}
	EndGlobalSection
EndGlobal
